// !$*UTF8*$!
{
	archiveVersion = 1;
	classes = {
	};
	objectVersion = 46;
	objects = {

/* Begin PBXBuildFile section */
		6E83DE851F58FD9E00F84689 /* AppDelegate.swift in Sources */ = {isa = PBXBuildFile; fileRef = 6E83DE841F58FD9E00F84689 /* AppDelegate.swift */; };
		6E83DE871F58FD9E00F84689 /* ViewController.swift in Sources */ = {isa = PBXBuildFile; fileRef = 6E83DE861F58FD9E00F84689 /* ViewController.swift */; };
		6E83DE8A1F58FD9E00F84689 /* Main.storyboard in Resources */ = {isa = PBXBuildFile; fileRef = 6E83DE881F58FD9E00F84689 /* Main.storyboard */; };
		6E83DE8C1F58FD9E00F84689 /* Assets.xcassets in Resources */ = {isa = PBXBuildFile; fileRef = 6E83DE8B1F58FD9E00F84689 /* Assets.xcassets */; };
		6E83DE8F1F58FD9E00F84689 /* LaunchScreen.storyboard in Resources */ = {isa = PBXBuildFile; fileRef = 6E83DE8D1F58FD9E00F84689 /* LaunchScreen.storyboard */; };
		6ED883A51F5A89CF001EA550 /* libstdc++.6.0.9.tbd in Frameworks */ = {isa = PBXBuildFile; fileRef = 6ED883A41F5A89CF001EA550 /* libstdc++.6.0.9.tbd */; };
		6ED883A71F5A89DB001EA550 /* libbz2.tbd in Frameworks */ = {isa = PBXBuildFile; fileRef = 6ED883A61F5A89DB001EA550 /* libbz2.tbd */; };
		6ED883A91F5A89E7001EA550 /* libiconv.tbd in Frameworks */ = {isa = PBXBuildFile; fileRef = 6ED883A81F5A89E7001EA550 /* libiconv.tbd */; };
		6ED883AB1F5A89F0001EA550 /* libz.tbd in Frameworks */ = {isa = PBXBuildFile; fileRef = 6ED883AA1F5A89F0001EA550 /* libz.tbd */; };
		8DDF96905EE1D57BC19A95D6 /* Pods_RawVideoPlayer.framework in Frameworks */ = {isa = PBXBuildFile; fileRef = 8D2419472F27F35F0C16344C /* Pods_RawVideoPlayer.framework */; };
/* End PBXBuildFile section */

/* Begin PBXFileReference section */
		4BDC7A1AFE7E79B0FE7F69AD /* Pods-RawVideoPlayer.debug.xcconfig */ = {isa = PBXFileReference; includeInIndex = 1; lastKnownFileType = text.xcconfig; name = "Pods-RawVideoPlayer.debug.xcconfig"; path = "Pods/Target Support Files/Pods-RawVideoPlayer/Pods-RawVideoPlayer.debug.xcconfig"; sourceTree = "<group>"; };
		6E83DE811F58FD9E00F84689 /* RawVideoPlayer.app */ = {isa = PBXFileReference; explicitFileType = wrapper.application; includeInIndex = 0; path = RawVideoPlayer.app; sourceTree = BUILT_PRODUCTS_DIR; };
		6E83DE841F58FD9E00F84689 /* AppDelegate.swift */ = {isa = PBXFileReference; lastKnownFileType = sourcecode.swift; path = AppDelegate.swift; sourceTree = "<group>"; };
		6E83DE861F58FD9E00F84689 /* ViewController.swift */ = {isa = PBXFileReference; lastKnownFileType = sourcecode.swift; path = ViewController.swift; sourceTree = "<group>"; };
		6E83DE891F58FD9E00F84689 /* Base */ = {isa = PBXFileReference; lastKnownFileType = file.storyboard; name = Base; path = Base.lproj/Main.storyboard; sourceTree = "<group>"; };
		6E83DE8B1F58FD9E00F84689 /* Assets.xcassets */ = {isa = PBXFileReference; lastKnownFileType = folder.assetcatalog; path = Assets.xcassets; sourceTree = "<group>"; };
		6E83DE8E1F58FD9E00F84689 /* Base */ = {isa = PBXFileReference; lastKnownFileType = file.storyboard; name = Base; path = Base.lproj/LaunchScreen.storyboard; sourceTree = "<group>"; };
		6E83DE901F58FD9E00F84689 /* Info.plist */ = {isa = PBXFileReference; lastKnownFileType = text.plist.xml; path = Info.plist; sourceTree = "<group>"; };
		6E83DEA01F5A809600F84689 /* RawVideoPlayer.entitlements */ = {isa = PBXFileReference; lastKnownFileType = text.plist.entitlements; path = RawVideoPlayer.entitlements; sourceTree = "<group>"; };
		6ED883A21F5A8901001EA550 /* libc++.tbd */ = {isa = PBXFileReference; lastKnownFileType = "sourcecode.text-based-dylib-definition"; name = "libc++.tbd"; path = "usr/lib/libc++.tbd"; sourceTree = SDKROOT; };
		6ED883A41F5A89CF001EA550 /* libstdc++.6.0.9.tbd */ = {isa = PBXFileReference; lastKnownFileType = "sourcecode.text-based-dylib-definition"; name = "libstdc++.6.0.9.tbd"; path = "usr/lib/libstdc++.6.0.9.tbd"; sourceTree = SDKROOT; };
		6ED883A61F5A89DB001EA550 /* libbz2.tbd */ = {isa = PBXFileReference; lastKnownFileType = "sourcecode.text-based-dylib-definition"; name = libbz2.tbd; path = usr/lib/libbz2.tbd; sourceTree = SDKROOT; };
		6ED883A81F5A89E7001EA550 /* libiconv.tbd */ = {isa = PBXFileReference; lastKnownFileType = "sourcecode.text-based-dylib-definition"; name = libiconv.tbd; path = usr/lib/libiconv.tbd; sourceTree = SDKROOT; };
		6ED883AA1F5A89F0001EA550 /* libz.tbd */ = {isa = PBXFileReference; lastKnownFileType = "sourcecode.text-based-dylib-definition"; name = libz.tbd; path = usr/lib/libz.tbd; sourceTree = SDKROOT; };
		6EF5A1571F5A86E80089761E /* libstdc++.tbd */ = {isa = PBXFileReference; lastKnownFileType = "sourcecode.text-based-dylib-definition"; name = "libstdc++.tbd"; path = "usr/lib/libstdc++.tbd"; sourceTree = SDKROOT; };
		8D2419472F27F35F0C16344C /* Pods_RawVideoPlayer.framework */ = {isa = PBXFileReference; explicitFileType = wrapper.framework; includeInIndex = 0; path = Pods_RawVideoPlayer.framework; sourceTree = BUILT_PRODUCTS_DIR; };
		B93887D52F4CF332D51D3BDC /* Pods-RawVideoPlayer.release.xcconfig */ = {isa = PBXFileReference; includeInIndex = 1; lastKnownFileType = text.xcconfig; name = "Pods-RawVideoPlayer.release.xcconfig"; path = "Pods/Target Support Files/Pods-RawVideoPlayer/Pods-RawVideoPlayer.release.xcconfig"; sourceTree = "<group>"; };
/* End PBXFileReference section */

/* Begin PBXFrameworksBuildPhase section */
		6E83DE7E1F58FD9E00F84689 /* Frameworks */ = {
			isa = PBXFrameworksBuildPhase;
			buildActionMask = 2147483647;
			files = (
				6ED883AB1F5A89F0001EA550 /* libz.tbd in Frameworks */,
				6ED883A91F5A89E7001EA550 /* libiconv.tbd in Frameworks */,
				6ED883A71F5A89DB001EA550 /* libbz2.tbd in Frameworks */,
				6ED883A51F5A89CF001EA550 /* libstdc++.6.0.9.tbd in Frameworks */,
				8DDF96905EE1D57BC19A95D6 /* Pods_RawVideoPlayer.framework in Frameworks */,
			);
			runOnlyForDeploymentPostprocessing = 0;
		};
/* End PBXFrameworksBuildPhase section */

/* Begin PBXGroup section */
		16C892CE026409531B77A6F8 /* Pods */ = {
			isa = PBXGroup;
			children = (
				4BDC7A1AFE7E79B0FE7F69AD /* Pods-RawVideoPlayer.debug.xcconfig */,
				B93887D52F4CF332D51D3BDC /* Pods-RawVideoPlayer.release.xcconfig */,
			);
			name = Pods;
			sourceTree = "<group>";
		};
		6E83DE781F58FD9E00F84689 = {
			isa = PBXGroup;
			children = (
				6E83DE831F58FD9E00F84689 /* RawVideoPlayer */,
				6E83DE821F58FD9E00F84689 /* Products */,
				16C892CE026409531B77A6F8 /* Pods */,
				F414F6663F0D4598C2479B7F /* Frameworks */,
			);
			sourceTree = "<group>";
		};
		6E83DE821F58FD9E00F84689 /* Products */ = {
			isa = PBXGroup;
			children = (
				6E83DE811F58FD9E00F84689 /* RawVideoPlayer.app */,
			);
			name = Products;
			sourceTree = "<group>";
		};
		6E83DE831F58FD9E00F84689 /* RawVideoPlayer */ = {
			isa = PBXGroup;
			children = (
				6E83DEA01F5A809600F84689 /* RawVideoPlayer.entitlements */,
				6E83DE841F58FD9E00F84689 /* AppDelegate.swift */,
				6E83DE861F58FD9E00F84689 /* ViewController.swift */,
				6E83DE881F58FD9E00F84689 /* Main.storyboard */,
				6E83DE8B1F58FD9E00F84689 /* Assets.xcassets */,
				6E83DE8D1F58FD9E00F84689 /* LaunchScreen.storyboard */,
				6E83DE901F58FD9E00F84689 /* Info.plist */,
			);
			path = RawVideoPlayer;
			sourceTree = "<group>";
		};
		F414F6663F0D4598C2479B7F /* Frameworks */ = {
			isa = PBXGroup;
			children = (
				6ED883AA1F5A89F0001EA550 /* libz.tbd */,
				6ED883A81F5A89E7001EA550 /* libiconv.tbd */,
				6ED883A61F5A89DB001EA550 /* libbz2.tbd */,
				6ED883A41F5A89CF001EA550 /* libstdc++.6.0.9.tbd */,
				6ED883A21F5A8901001EA550 /* libc++.tbd */,
				6EF5A1571F5A86E80089761E /* libstdc++.tbd */,
				8D2419472F27F35F0C16344C /* Pods_RawVideoPlayer.framework */,
			);
			name = Frameworks;
			sourceTree = "<group>";
		};
/* End PBXGroup section */

/* Begin PBXNativeTarget section */
		6E83DE801F58FD9E00F84689 /* RawVideoPlayer */ = {
			isa = PBXNativeTarget;
			buildConfigurationList = 6E83DE931F58FD9E00F84689 /* Build configuration list for PBXNativeTarget "RawVideoPlayer" */;
			buildPhases = (
				FB3A4F95DBA8ABDD401E12FB /* [CP] Check Pods Manifest.lock */,
				6E83DE7D1F58FD9E00F84689 /* Sources */,
				6E83DE7E1F58FD9E00F84689 /* Frameworks */,
				6E83DE7F1F58FD9E00F84689 /* Resources */,
				95D7EDDDCF8196C81E91079B /* [CP] Embed Pods Frameworks */,
				CDB90B0A37FE5DDC4E02BCA7 /* [CP] Copy Pods Resources */,
			);
			buildRules = (
			);
			dependencies = (
			);
			name = RawVideoPlayer;
			productName = RawVideoPlayer;
			productReference = 6E83DE811F58FD9E00F84689 /* RawVideoPlayer.app */;
			productType = "com.apple.product-type.application";
		};
/* End PBXNativeTarget section */

/* Begin PBXProject section */
		6E83DE791F58FD9E00F84689 /* Project object */ = {
			isa = PBXProject;
			attributes = {
				LastSwiftUpdateCheck = 0830;
				LastUpgradeCheck = 0830;
				ORGANIZATIONNAME = Coleman;
				TargetAttributes = {
					6E83DE801F58FD9E00F84689 = {
						CreatedOnToolsVersion = 8.3.3;
						DevelopmentTeam = 4W79SG34MW;
						LastSwiftMigration = 0830;
						ProvisioningStyle = Automatic;
						SystemCapabilities = {
							com.apple.iCloud = {
								enabled = 1;
							};
						};
					};
				};
			};
			buildConfigurationList = 6E83DE7C1F58FD9E00F84689 /* Build configuration list for PBXProject "RawVideoPlayer" */;
			compatibilityVersion = "Xcode 3.2";
			developmentRegion = English;
			hasScannedForEncodings = 0;
			knownRegions = (
				en,
				Base,
			);
			mainGroup = 6E83DE781F58FD9E00F84689;
			productRefGroup = 6E83DE821F58FD9E00F84689 /* Products */;
			projectDirPath = "";
			projectRoot = "";
			targets = (
				6E83DE801F58FD9E00F84689 /* RawVideoPlayer */,
			);
		};
/* End PBXProject section */

/* Begin PBXResourcesBuildPhase section */
		6E83DE7F1F58FD9E00F84689 /* Resources */ = {
			isa = PBXResourcesBuildPhase;
			buildActionMask = 2147483647;
			files = (
				6E83DE8F1F58FD9E00F84689 /* LaunchScreen.storyboard in Resources */,
				6E83DE8C1F58FD9E00F84689 /* Assets.xcassets in Resources */,
				6E83DE8A1F58FD9E00F84689 /* Main.storyboard in Resources */,
			);
			runOnlyForDeploymentPostprocessing = 0;
		};
/* End PBXResourcesBuildPhase section */

/* Begin PBXShellScriptBuildPhase section */
		95D7EDDDCF8196C81E91079B /* [CP] Embed Pods Frameworks */ = {
			isa = PBXShellScriptBuildPhase;
			buildActionMask = 2147483647;
			files = (
			);
			inputPaths = (
			);
			name = "[CP] Embed Pods Frameworks";
			outputPaths = (
			);
			runOnlyForDeploymentPostprocessing = 0;
			shellPath = /bin/sh;
			shellScript = "\"${SRCROOT}/Pods/Target Support Files/Pods-RawVideoPlayer/Pods-RawVideoPlayer-frameworks.sh\"\n";
			showEnvVarsInLog = 0;
		};
		CDB90B0A37FE5DDC4E02BCA7 /* [CP] Copy Pods Resources */ = {
			isa = PBXShellScriptBuildPhase;
			buildActionMask = 2147483647;
			files = (
			);
			inputPaths = (
			);
			name = "[CP] Copy Pods Resources";
			outputPaths = (
			);
			runOnlyForDeploymentPostprocessing = 0;
			shellPath = /bin/sh;
			shellScript = "\"${SRCROOT}/Pods/Target Support Files/Pods-RawVideoPlayer/Pods-RawVideoPlayer-resources.sh\"\n";
			showEnvVarsInLog = 0;
		};
		FB3A4F95DBA8ABDD401E12FB /* [CP] Check Pods Manifest.lock */ = {
			isa = PBXShellScriptBuildPhase;
			buildActionMask = 2147483647;
			files = (
			);
			inputPaths = (
				"${PODS_PODFILE_DIR_PATH}/Podfile.lock",
				"${PODS_ROOT}/Manifest.lock",
			);
			name = "[CP] Check Pods Manifest.lock";
			outputPaths = (
				"$(DERIVED_FILE_DIR)/Pods-RawVideoPlayer-checkManifestLockResult.txt",
			);
			runOnlyForDeploymentPostprocessing = 0;
			shellPath = /bin/sh;
			shellScript = "diff \"${PODS_PODFILE_DIR_PATH}/Podfile.lock\" \"${PODS_ROOT}/Manifest.lock\" > /dev/null\nif [ $? != 0 ] ; then\n    # print error to STDERR\n    echo \"error: The sandbox is not in sync with the Podfile.lock. Run 'pod install' or update your CocoaPods installation.\" >&2\n    exit 1\nfi\n# This output is used by Xcode 'outputs' to avoid re-running this script phase.\necho \"SUCCESS\" > \"${SCRIPT_OUTPUT_FILE_0}\"\n";
			showEnvVarsInLog = 0;
		};
/* End PBXShellScriptBuildPhase section */

/* Begin PBXSourcesBuildPhase section */
		6E83DE7D1F58FD9E00F84689 /* Sources */ = {
			isa = PBXSourcesBuildPhase;
			buildActionMask = 2147483647;
			files = (
				6E83DE871F58FD9E00F84689 /* ViewController.swift in Sources */,
				6E83DE851F58FD9E00F84689 /* AppDelegate.swift in Sources */,
			);
			runOnlyForDeploymentPostprocessing = 0;
		};
/* End PBXSourcesBuildPhase section */

/* Begin PBXVariantGroup section */
		6E83DE881F58FD9E00F84689 /* Main.storyboard */ = {
			isa = PBXVariantGroup;
			children = (
				6E83DE891F58FD9E00F84689 /* Base */,
			);
			name = Main.storyboard;
			sourceTree = "<group>";
		};
		6E83DE8D1F58FD9E00F84689 /* LaunchScreen.storyboard */ = {
			isa = PBXVariantGroup;
			children = (
				6E83DE8E1F58FD9E00F84689 /* Base */,
			);
			name = LaunchScreen.storyboard;
			sourceTree = "<group>";
		};
/* End PBXVariantGroup section */

/* Begin XCBuildConfiguration section */
		6E83DE911F58FD9E00F84689 /* Debug */ = {
			isa = XCBuildConfiguration;
			buildSettings = {
				ALWAYS_SEARCH_USER_PATHS = NO;
				CLANG_ANALYZER_NONNULL = YES;
				CLANG_ANALYZER_NUMBER_OBJECT_CONVERSION = YES_AGGRESSIVE;
				CLANG_CXX_LANGUAGE_STANDARD = "gnu++0x";
				CLANG_CXX_LIBRARY = "libc++";
				CLANG_ENABLE_MODULES = YES;
				CLANG_ENABLE_OBJC_ARC = YES;
				CLANG_WARN_BOOL_CONVERSION = YES;
				CLANG_WARN_CONSTANT_CONVERSION = YES;
				CLANG_WARN_DIRECT_OBJC_ISA_USAGE = YES_ERROR;
				CLANG_WARN_DOCUMENTATION_COMMENTS = YES;
				CLANG_WARN_EMPTY_BODY = YES;
				CLANG_WARN_ENUM_CONVERSION = YES;
				CLANG_WARN_INFINITE_RECURSION = YES;
				CLANG_WARN_INT_CONVERSION = YES;
				CLANG_WARN_OBJC_ROOT_CLASS = YES_ERROR;
				CLANG_WARN_SUSPICIOUS_MOVE = YES;
				CLANG_WARN_UNREACHABLE_CODE = YES;
				CLANG_WARN__DUPLICATE_METHOD_MATCH = YES;
				"CODE_SIGN_IDENTITY[sdk=iphoneos*]" = "iPhone Developer";
				COPY_PHASE_STRIP = NO;
				DEBUG_INFORMATION_FORMAT = dwarf;
				ENABLE_STRICT_OBJC_MSGSEND = YES;
				ENABLE_TESTABILITY = YES;
				GCC_C_LANGUAGE_STANDARD = gnu99;
				GCC_DYNAMIC_NO_PIC = NO;
				GCC_NO_COMMON_BLOCKS = YES;
				GCC_OPTIMIZATION_LEVEL = 0;
				GCC_PREPROCESSOR_DEFINITIONS = (
					"DEBUG=1",
					"$(inherited)",
				);
				GCC_WARN_64_TO_32_BIT_CONVERSION = YES;
				GCC_WARN_ABOUT_RETURN_TYPE = YES_ERROR;
				GCC_WARN_UNDECLARED_SELECTOR = YES;
				GCC_WARN_UNINITIALIZED_AUTOS = YES_AGGRESSIVE;
				GCC_WARN_UNUSED_FUNCTION = YES;
				GCC_WARN_UNUSED_VARIABLE = YES;
				IPHONEOS_DEPLOYMENT_TARGET = 10.3;
				MTL_ENABLE_DEBUG_INFO = YES;
				ONLY_ACTIVE_ARCH = YES;
				SDKROOT = iphoneos;
				SWIFT_ACTIVE_COMPILATION_CONDITIONS = DEBUG;
				SWIFT_OPTIMIZATION_LEVEL = "-Onone";
				TARGETED_DEVICE_FAMILY = "1,2";
			};
			name = Debug;
		};
		6E83DE921F58FD9E00F84689 /* Release */ = {
			isa = XCBuildConfiguration;
			buildSettings = {
				ALWAYS_SEARCH_USER_PATHS = NO;
				CLANG_ANALYZER_NONNULL = YES;
				CLANG_ANALYZER_NUMBER_OBJECT_CONVERSION = YES_AGGRESSIVE;
				CLANG_CXX_LANGUAGE_STANDARD = "gnu++0x";
				CLANG_CXX_LIBRARY = "libc++";
				CLANG_ENABLE_MODULES = YES;
				CLANG_ENABLE_OBJC_ARC = YES;
				CLANG_WARN_BOOL_CONVERSION = YES;
				CLANG_WARN_CONSTANT_CONVERSION = YES;
				CLANG_WARN_DIRECT_OBJC_ISA_USAGE = YES_ERROR;
				CLANG_WARN_DOCUMENTATION_COMMENTS = YES;
				CLANG_WARN_EMPTY_BODY = YES;
				CLANG_WARN_ENUM_CONVERSION = YES;
				CLANG_WARN_INFINITE_RECURSION = YES;
				CLANG_WARN_INT_CONVERSION = YES;
				CLANG_WARN_OBJC_ROOT_CLASS = YES_ERROR;
				CLANG_WARN_SUSPICIOUS_MOVE = YES;
				CLANG_WARN_UNREACHABLE_CODE = YES;
				CLANG_WARN__DUPLICATE_METHOD_MATCH = YES;
				"CODE_SIGN_IDENTITY[sdk=iphoneos*]" = "iPhone Developer";
				COPY_PHASE_STRIP = NO;
				DEBUG_INFORMATION_FORMAT = "dwarf-with-dsym";
				ENABLE_NS_ASSERTIONS = NO;
				ENABLE_STRICT_OBJC_MSGSEND = YES;
				GCC_C_LANGUAGE_STANDARD = gnu99;
				GCC_NO_COMMON_BLOCKS = YES;
				GCC_WARN_64_TO_32_BIT_CONVERSION = YES;
				GCC_WARN_ABOUT_RETURN_TYPE = YES_ERROR;
				GCC_WARN_UNDECLARED_SELECTOR = YES;
				GCC_WARN_UNINITIALIZED_AUTOS = YES_AGGRESSIVE;
				GCC_WARN_UNUSED_FUNCTION = YES;
				GCC_WARN_UNUSED_VARIABLE = YES;
				IPHONEOS_DEPLOYMENT_TARGET = 10.3;
				MTL_ENABLE_DEBUG_INFO = NO;
				SDKROOT = iphoneos;
				SWIFT_OPTIMIZATION_LEVEL = "-Owholemodule";
				TARGETED_DEVICE_FAMILY = "1,2";
				VALIDATE_PRODUCT = YES;
			};
			name = Release;
		};
		6E83DE941F58FD9E00F84689 /* Debug */ = {
			isa = XCBuildConfiguration;
			baseConfigurationReference = 4BDC7A1AFE7E79B0FE7F69AD /* Pods-RawVideoPlayer.debug.xcconfig */;
			buildSettings = {
				ASSETCATALOG_COMPILER_APPICON_NAME = AppIcon;
				CLANG_ENABLE_MODULES = YES;
				CODE_SIGN_ENTITLEMENTS = RawVideoPlayer/RawVideoPlayer.entitlements;
				DEVELOPMENT_TEAM = 4W79SG34MW;
				ENABLE_BITCODE = NO;
				INFOPLIST_FILE = RawVideoPlayer/Info.plist;
				LD_RUNPATH_SEARCH_PATHS = "$(inherited) @executable_path/Frameworks";
				OTHER_LDFLAGS = (
					"$(inherited)",
					"-ObjC",
					"-l\"bz2\"",
					"-l\"iconv\"",
					"-lstdc++",
					"-l\"xml2\"",
					"-l\"z\"",
					"-framework",
					"\"AVFoundation\"",
					"-framework",
					"\"AudioToolbox\"",
					"-framework",
					"\"CFNetwork\"",
					"-framework",
					"\"CoreGraphics\"",
					"-framework",
					"\"CoreText\"",
					"-framework",
					"\"MobileVLCKit\"",
					"-framework",
					"\"OpenGLES\"",
					"-framework",
					"\"QuartzCore\"",
					"-framework",
					"\"Security\"",
				);
				PRODUCT_BUNDLE_IDENTIFIER = com.colemancda.RawVideoPlayer;
				PRODUCT_NAME = "$(TARGET_NAME)";
				SWIFT_OBJC_BRIDGING_HEADER = "RawVideoPlayer/RawVideoPlayer-Bridging-Header.h";
				SWIFT_OPTIMIZATION_LEVEL = "-Onone";
				SWIFT_VERSION = 3.0;
			};
			name = Debug;
		};
		6E83DE951F58FD9E00F84689 /* Release */ = {
			isa = XCBuildConfiguration;
			baseConfigurationReference = B93887D52F4CF332D51D3BDC /* Pods-RawVideoPlayer.release.xcconfig */;
			buildSettings = {
				ASSETCATALOG_COMPILER_APPICON_NAME = AppIcon;
				CLANG_ENABLE_MODULES = YES;
				CODE_SIGN_ENTITLEMENTS = RawVideoPlayer/RawVideoPlayer.entitlements;
				DEVELOPMENT_TEAM = 4W79SG34MW;
				ENABLE_BITCODE = NO;
				INFOPLIST_FILE = RawVideoPlayer/Info.plist;
				LD_RUNPATH_SEARCH_PATHS = "$(inherited) @executable_path/Frameworks";
				OTHER_LDFLAGS = (
					"$(inherited)",
					"-ObjC",
					"-l\"bz2\"",
					"-l\"iconv\"",
					"-lstdc++",
					"-l\"xml2\"",
					"-l\"z\"",
					"-framework",
					"\"AVFoundation\"",
					"-framework",
					"\"AudioToolbox\"",
					"-framework",
					"\"CFNetwork\"",
					"-framework",
					"\"CoreGraphics\"",
					"-framework",
					"\"CoreText\"",
					"-framework",
					"\"MobileVLCKit\"",
					"-framework",
					"\"OpenGLES\"",
					"-framework",
					"\"QuartzCore\"",
					"-framework",
					"\"Security\"",
				);
				PRODUCT_BUNDLE_IDENTIFIER = com.colemancda.RawVideoPlayer;
				PRODUCT_NAME = "$(TARGET_NAME)";
				SWIFT_OBJC_BRIDGING_HEADER = "RawVideoPlayer/RawVideoPlayer-Bridging-Header.h";
				SWIFT_VERSION = 3.0;
			};
			name = Release;
		};
/* End XCBuildConfiguration section */

/* Begin XCConfigurationList section */
		6E83DE7C1F58FD9E00F84689 /* Build configuration list for PBXProject "RawVideoPlayer" */ = {
			isa = XCConfigurationList;
			buildConfigurations = (
				6E83DE911F58FD9E00F84689 /* Debug */,
				6E83DE921F58FD9E00F84689 /* Release */,
			);
			defaultConfigurationIsVisible = 0;
			defaultConfigurationName = Release;
		};
		6E83DE931F58FD9E00F84689 /* Build configuration list for PBXNativeTarget "RawVideoPlayer" */ = {
			isa = XCConfigurationList;
			buildConfigurations = (
				6E83DE941F58FD9E00F84689 /* Debug */,
				6E83DE951F58FD9E00F84689 /* Release */,
			);
			defaultConfigurationIsVisible = 0;
			defaultConfigurationName = Release;
		};
/* End XCConfigurationList section */
	};
	rootObject = 6E83DE791F58FD9E00F84689 /* Project object */;
}
